
Microsoft Visual Studio Solution File, Format Version 12.00
# Visual Studio 14
VisualStudioVersion = 14.0.24720.0
MinimumVisualStudioVersion = 10.0.40219.1
Project("{FAE04EC0-301F-11D3-BF4B-00C04F79EFBC}") = "01.TileRepair", "TileRepair\01.TileRepair.csproj", "{3E82D29F-4549-4CBF-8943-4ACEF57BF74A}"
EndProject
Project("{FAE04EC0-301F-11D3-BF4B-00C04F79EFBC}") = "02. SleepyCatTom", "SleepyCatTom\02. SleepyCatTom.csproj", "{014FDF23-4388-4319-AB06-4A1E997BD3C4}"
EndProject
Project("{FAE04EC0-301F-11D3-BF4B-00C04F79EFBC}") = "03. OperationsBetweenNumbers", "OperationsBetweenNumbers\03. OperationsBetweenNumbers.csproj", "{1CEF0870-AC22-4E71-A7E2-E82A7DB145B3}"
EndProject
Project("{FAE04EC0-301F-11D3-BF4B-00C04F79EFBC}") = "04. SmartLilly", "SmartLilly\04. SmartLilly.csproj", "{33722990-5F46-4414-9C43-2D6FECCD0273}"
EndProject
Project("{FAE04EC0-301F-11D3-BF4B-00C04F79EFBC}") = "05. Stop", "Stop\05. Stop.csproj", "{25D4EBFC-91B4-43F8-AD01-C284DF18CDDF}"
EndProject
Project("{FAE04EC0-301F-11D3-BF4B-00C04F79EFBC}") = "06. SpecialNumbers", "SpecialNumbers\06. SpecialNumbers.csproj", "{E3F23714-EDB0-4599-AD9D-87ADDBBB627F}"
EndProject
Global
	GlobalSection(SolutionConfigurationPlatforms) = preSolution
		Debug|Any CPU = Debug|Any CPU
		Release|Any CPU = Release|Any CPU
	EndGlobalSection
	GlobalSection(ProjectConfigurationPlatforms) = postSolution
		{3E82D29F-4549-4CBF-8943-4ACEF57BF74A}.Debug|Any CPU.ActiveCfg = Debug|Any CPU
		{3E82D29F-4549-4CBF-8943-4ACEF57BF74A}.Debug|Any CPU.Build.0 = Debug|Any CPU
		{3E82D29F-4549-4CBF-8943-4ACEF57BF74A}.Release|Any CPU.ActiveCfg = Release|Any CPU
		{3E82D29F-4549-4CBF-8943-4ACEF57BF74A}.Release|Any CPU.Build.0 = Release|Any CPU
		{014FDF23-4388-4319-AB06-4A1E997BD3C4}.Debug|Any CPU.ActiveCfg = Debug|Any CPU
		{014FDF23-4388-4319-AB06-4A1E997BD3C4}.Debug|Any CPU.Build.0 = Debug|Any CPU
		{014FDF23-4388-4319-AB06-4A1E997BD3C4}.Release|Any CPU.ActiveCfg = Release|Any CPU
		{014FDF23-4388-4319-AB06-4A1E997BD3C4}.Release|Any CPU.Build.0 = Release|Any CPU
		{1CEF0870-AC22-4E71-A7E2-E82A7DB145B3}.Debug|Any CPU.ActiveCfg = Debug|Any CPU
		{1CEF0870-AC22-4E71-A7E2-E82A7DB145B3}.Debug|Any CPU.Build.0 = Debug|Any CPU
		{1CEF0870-AC22-4E71-A7E2-E82A7DB145B3}.Release|Any CPU.ActiveCfg = Release|Any CPU
		{1CEF0870-AC22-4E71-A7E2-E82A7DB145B3}.Release|Any CPU.Build.0 = Release|Any CPU
		{33722990-5F46-4414-9C43-2D6FECCD0273}.Debug|Any CPU.ActiveCfg = Debug|Any CPU
		{33722990-5F46-4414-9C43-2D6FECCD0273}.Debug|Any CPU.Build.0 = Debug|Any CPU
		{33722990-5F46-4414-9C43-2D6FECCD0273}.Release|Any CPU.ActiveCfg = Release|Any CPU
		{33722990-5F46-4414-9C43-2D6FECCD0273}.Release|Any CPU.Build.0 = Release|Any CPU
		{25D4EBFC-91B4-43F8-AD01-C284DF18CDDF}.Debug|Any CPU.ActiveCfg = Debug|Any CPU
		{25D4EBFC-91B4-43F8-AD01-C284DF18CDDF}.Debug|Any CPU.Build.0 = Debug|Any CPU
		{25D4EBFC-91B4-43F8-AD01-C284DF18CDDF}.Release|Any CPU.ActiveCfg = Release|Any CPU
		{25D4EBFC-91B4-43F8-AD01-C284DF18CDDF}.Release|Any CPU.Build.0 = Release|Any CPU
		{E3F23714-EDB0-4599-AD9D-87ADDBBB627F}.Debug|Any CPU.ActiveCfg = Debug|Any CPU
		{E3F23714-EDB0-4599-AD9D-87ADDBBB627F}.Debug|Any CPU.Build.0 = Debug|Any CPU
		{E3F23714-EDB0-4599-AD9D-87ADDBBB627F}.Release|Any CPU.ActiveCfg = Release|Any CPU
		{E3F23714-EDB0-4599-AD9D-87ADDBBB627F}.Release|Any CPU.Build.0 = Release|Any CPU
	EndGlobalSection
	GlobalSection(SolutionProperties) = preSolution
		HideSolutionNode = FALSE
	EndGlobalSection
EndGlobal
