
Microsoft Visual Studio Solution File, Format Version 12.00
# Visual Studio 14
VisualStudioVersion = 14.0.24720.0
MinimumVisualStudioVersion = 10.0.40219.1
Project("{FAE04EC0-301F-11D3-BF4B-00C04F79EFBC}") = "01. DogHouse", "DogHouse\01. DogHouse.csproj", "{0FDD4E81-DF86-4D4A-9571-7931A3C496DD}"
EndProject
Project("{FAE04EC0-301F-11D3-BF4B-00C04F79EFBC}") = "02. WorkHours", "WorkHours\02. WorkHours.csproj", "{A92BE2BA-D6C7-429E-B6AA-7D008116FA7C}"
EndProject
Project("{FAE04EC0-301F-11D3-BF4B-00C04F79EFBC}") = "03. CarToGo", "CarToGo\03. CarToGo.csproj", "{5E0CB974-28FE-461C-BA29-175FF624E54E}"
EndProject
Project("{FAE04EC0-301F-11D3-BF4B-00C04F79EFBC}") = "04. GameOfIntervals", "GameOfIntervals\04. GameOfIntervals.csproj", "{2F45D71E-81EA-493E-9A94-7AFEBD8E5162}"
EndProject
Project("{FAE04EC0-301F-11D3-BF4B-00C04F79EFBC}") = "05. SoftUniLogo", "SoftUniLogo\05. SoftUniLogo.csproj", "{7C2ED161-3B49-4374-808B-DB1BC2CF124D}"
EndProject
Project("{FAE04EC0-301F-11D3-BF4B-00C04F79EFBC}") = "06. SumOfTwoNumbers", "SumOfTwoNumbers\06. SumOfTwoNumbers.csproj", "{957EA5E3-414C-42DE-A238-D26E3A8EC104}"
EndProject
Global
	GlobalSection(SolutionConfigurationPlatforms) = preSolution
		Debug|Any CPU = Debug|Any CPU
		Release|Any CPU = Release|Any CPU
	EndGlobalSection
	GlobalSection(ProjectConfigurationPlatforms) = postSolution
		{0FDD4E81-DF86-4D4A-9571-7931A3C496DD}.Debug|Any CPU.ActiveCfg = Debug|Any CPU
		{0FDD4E81-DF86-4D4A-9571-7931A3C496DD}.Debug|Any CPU.Build.0 = Debug|Any CPU
		{0FDD4E81-DF86-4D4A-9571-7931A3C496DD}.Release|Any CPU.ActiveCfg = Release|Any CPU
		{0FDD4E81-DF86-4D4A-9571-7931A3C496DD}.Release|Any CPU.Build.0 = Release|Any CPU
		{A92BE2BA-D6C7-429E-B6AA-7D008116FA7C}.Debug|Any CPU.ActiveCfg = Debug|Any CPU
		{A92BE2BA-D6C7-429E-B6AA-7D008116FA7C}.Debug|Any CPU.Build.0 = Debug|Any CPU
		{A92BE2BA-D6C7-429E-B6AA-7D008116FA7C}.Release|Any CPU.ActiveCfg = Release|Any CPU
		{A92BE2BA-D6C7-429E-B6AA-7D008116FA7C}.Release|Any CPU.Build.0 = Release|Any CPU
		{5E0CB974-28FE-461C-BA29-175FF624E54E}.Debug|Any CPU.ActiveCfg = Debug|Any CPU
		{5E0CB974-28FE-461C-BA29-175FF624E54E}.Debug|Any CPU.Build.0 = Debug|Any CPU
		{5E0CB974-28FE-461C-BA29-175FF624E54E}.Release|Any CPU.ActiveCfg = Release|Any CPU
		{5E0CB974-28FE-461C-BA29-175FF624E54E}.Release|Any CPU.Build.0 = Release|Any CPU
		{2F45D71E-81EA-493E-9A94-7AFEBD8E5162}.Debug|Any CPU.ActiveCfg = Debug|Any CPU
		{2F45D71E-81EA-493E-9A94-7AFEBD8E5162}.Debug|Any CPU.Build.0 = Debug|Any CPU
		{2F45D71E-81EA-493E-9A94-7AFEBD8E5162}.Release|Any CPU.ActiveCfg = Release|Any CPU
		{2F45D71E-81EA-493E-9A94-7AFEBD8E5162}.Release|Any CPU.Build.0 = Release|Any CPU
		{7C2ED161-3B49-4374-808B-DB1BC2CF124D}.Debug|Any CPU.ActiveCfg = Debug|Any CPU
		{7C2ED161-3B49-4374-808B-DB1BC2CF124D}.Debug|Any CPU.Build.0 = Debug|Any CPU
		{7C2ED161-3B49-4374-808B-DB1BC2CF124D}.Release|Any CPU.ActiveCfg = Release|Any CPU
		{7C2ED161-3B49-4374-808B-DB1BC2CF124D}.Release|Any CPU.Build.0 = Release|Any CPU
		{957EA5E3-414C-42DE-A238-D26E3A8EC104}.Debug|Any CPU.ActiveCfg = Debug|Any CPU
		{957EA5E3-414C-42DE-A238-D26E3A8EC104}.Debug|Any CPU.Build.0 = Debug|Any CPU
		{957EA5E3-414C-42DE-A238-D26E3A8EC104}.Release|Any CPU.ActiveCfg = Release|Any CPU
		{957EA5E3-414C-42DE-A238-D26E3A8EC104}.Release|Any CPU.Build.0 = Release|Any CPU
	EndGlobalSection
	GlobalSection(SolutionProperties) = preSolution
		HideSolutionNode = FALSE
	EndGlobalSection
EndGlobal
