
Microsoft Visual Studio Solution File, Format Version 12.00
# Visual Studio 14
VisualStudioVersion = 14.0.24720.0
MinimumVisualStudioVersion = 10.0.40219.1
Project("{FAE04EC0-301F-11D3-BF4B-00C04F79EFBC}") = "01. Money", "Money\01. Money.csproj", "{3EA069FB-9FC7-4104-8F5A-9BF0C4429D9F}"
EndProject
Project("{FAE04EC0-301F-11D3-BF4B-00C04F79EFBC}") = "02. Harvest", "Harvest\02. Harvest.csproj", "{770A03F2-9918-46B6-A918-4BEE483F42C2}"
EndProject
Project("{FAE04EC0-301F-11D3-BF4B-00C04F79EFBC}") = "03. MatchTickets", "MatchTickets\03. MatchTickets.csproj", "{2AA7A7F3-ACA7-4D0B-871D-9992A498E2C0}"
EndProject
Project("{FAE04EC0-301F-11D3-BF4B-00C04F79EFBC}") = "04. BackToThePast", "BackToThePas\04. BackToThePast.csproj", "{43B2B552-9ECA-488C-8B22-11B98883000D}"
EndProject
Project("{FAE04EC0-301F-11D3-BF4B-00C04F79EFBC}") = "05. Diamond", "Diamond\05. Diamond.csproj", "{C746EBE7-4D54-4C2A-8D95-3033CB1EBF28}"
EndProject
Project("{FAE04EC0-301F-11D3-BF4B-00C04F79EFBC}") = "06. StopNumber", "StopNumber\06. StopNumber.csproj", "{59FA940F-80F6-4255-BB51-7AE8DC0123BE}"
EndProject
Global
	GlobalSection(SolutionConfigurationPlatforms) = preSolution
		Debug|Any CPU = Debug|Any CPU
		Release|Any CPU = Release|Any CPU
	EndGlobalSection
	GlobalSection(ProjectConfigurationPlatforms) = postSolution
		{3EA069FB-9FC7-4104-8F5A-9BF0C4429D9F}.Debug|Any CPU.ActiveCfg = Debug|Any CPU
		{3EA069FB-9FC7-4104-8F5A-9BF0C4429D9F}.Debug|Any CPU.Build.0 = Debug|Any CPU
		{3EA069FB-9FC7-4104-8F5A-9BF0C4429D9F}.Release|Any CPU.ActiveCfg = Release|Any CPU
		{3EA069FB-9FC7-4104-8F5A-9BF0C4429D9F}.Release|Any CPU.Build.0 = Release|Any CPU
		{770A03F2-9918-46B6-A918-4BEE483F42C2}.Debug|Any CPU.ActiveCfg = Debug|Any CPU
		{770A03F2-9918-46B6-A918-4BEE483F42C2}.Debug|Any CPU.Build.0 = Debug|Any CPU
		{770A03F2-9918-46B6-A918-4BEE483F42C2}.Release|Any CPU.ActiveCfg = Release|Any CPU
		{770A03F2-9918-46B6-A918-4BEE483F42C2}.Release|Any CPU.Build.0 = Release|Any CPU
		{2AA7A7F3-ACA7-4D0B-871D-9992A498E2C0}.Debug|Any CPU.ActiveCfg = Debug|Any CPU
		{2AA7A7F3-ACA7-4D0B-871D-9992A498E2C0}.Debug|Any CPU.Build.0 = Debug|Any CPU
		{2AA7A7F3-ACA7-4D0B-871D-9992A498E2C0}.Release|Any CPU.ActiveCfg = Release|Any CPU
		{2AA7A7F3-ACA7-4D0B-871D-9992A498E2C0}.Release|Any CPU.Build.0 = Release|Any CPU
		{43B2B552-9ECA-488C-8B22-11B98883000D}.Debug|Any CPU.ActiveCfg = Debug|Any CPU
		{43B2B552-9ECA-488C-8B22-11B98883000D}.Debug|Any CPU.Build.0 = Debug|Any CPU
		{43B2B552-9ECA-488C-8B22-11B98883000D}.Release|Any CPU.ActiveCfg = Release|Any CPU
		{43B2B552-9ECA-488C-8B22-11B98883000D}.Release|Any CPU.Build.0 = Release|Any CPU
		{C746EBE7-4D54-4C2A-8D95-3033CB1EBF28}.Debug|Any CPU.ActiveCfg = Debug|Any CPU
		{C746EBE7-4D54-4C2A-8D95-3033CB1EBF28}.Debug|Any CPU.Build.0 = Debug|Any CPU
		{C746EBE7-4D54-4C2A-8D95-3033CB1EBF28}.Release|Any CPU.ActiveCfg = Release|Any CPU
		{C746EBE7-4D54-4C2A-8D95-3033CB1EBF28}.Release|Any CPU.Build.0 = Release|Any CPU
		{59FA940F-80F6-4255-BB51-7AE8DC0123BE}.Debug|Any CPU.ActiveCfg = Debug|Any CPU
		{59FA940F-80F6-4255-BB51-7AE8DC0123BE}.Debug|Any CPU.Build.0 = Debug|Any CPU
		{59FA940F-80F6-4255-BB51-7AE8DC0123BE}.Release|Any CPU.ActiveCfg = Release|Any CPU
		{59FA940F-80F6-4255-BB51-7AE8DC0123BE}.Release|Any CPU.Build.0 = Release|Any CPU
	EndGlobalSection
	GlobalSection(SolutionProperties) = preSolution
		HideSolutionNode = FALSE
	EndGlobalSection
EndGlobal
