
Microsoft Visual Studio Solution File, Format Version 12.00
# Visual Studio 14
VisualStudioVersion = 14.0.24720.0
MinimumVisualStudioVersion = 10.0.40219.1
Project("{FAE04EC0-301F-11D3-BF4B-00C04F79EFBC}") = "02. SquareArea", "SquareArea\02. SquareArea.csproj", "{3CF03373-EBAF-40D2-B514-A2F0100EEDDD}"
EndProject
Project("{FAE04EC0-301F-11D3-BF4B-00C04F79EFBC}") = "03. InchesToCentimeters", "InchesToCentimeters\03. InchesToCentimeters.csproj", "{AAA20A4B-AD55-41BA-A7C8-81424CD142EE}"
EndProject
Project("{FAE04EC0-301F-11D3-BF4B-00C04F79EFBC}") = "04. GreetingByName", "GreetingByName\04. GreetingByName.csproj", "{04097D5E-F0B3-4E9B-9490-00CFD9FBFC0C}"
EndProject
Project("{FAE04EC0-301F-11D3-BF4B-00C04F79EFBC}") = "05. ConcatenateData", "ConcatenateData\05. ConcatenateData.csproj", "{A518F952-E9B5-4473-9DBF-E39162F81840}"
EndProject
Project("{FAE04EC0-301F-11D3-BF4B-00C04F79EFBC}") = "06. TrapezoidArea", "TrapezoidArea\06. TrapezoidArea.csproj", "{AFA45314-A40A-47C0-A482-F9C815F3EE60}"
EndProject
Project("{FAE04EC0-301F-11D3-BF4B-00C04F79EFBC}") = "07. CircleAreaAndPerimeter", "CircleAreaAndPerimeter\07. CircleAreaAndPerimeter.csproj", "{151621A9-8D28-4B20-ABE9-6DCA0B937883}"
EndProject
Project("{FAE04EC0-301F-11D3-BF4B-00C04F79EFBC}") = "08. 2DRectangleArea", "2DRectangleArea\08. 2DRectangleArea.csproj", "{AE957690-5B96-4ECC-B4A2-7408A50F63AB}"
EndProject
Project("{FAE04EC0-301F-11D3-BF4B-00C04F79EFBC}") = "09. BGN-To-EUR-Converter", "BGN-To-EUR-Converter\09. BGN-To-EUR-Converter.csproj", "{BEE18C04-8F32-4CC8-AC97-2F32532328BC}"
EndProject
Project("{FAE04EC0-301F-11D3-BF4B-00C04F79EFBC}") = "10. TriangleArea", "TriangleArea\10. TriangleArea.csproj", "{1CC7B88F-56CE-4935-A681-4C9B6708EC9F}"
EndProject
Project("{FAE04EC0-301F-11D3-BF4B-00C04F79EFBC}") = "11. CelsiusToFarenheit", "CelsiusToFarenheit\11. CelsiusToFarenheit.csproj", "{14AB7C0B-E217-47F0-95A9-534FD142CD9F}"
EndProject
Project("{FAE04EC0-301F-11D3-BF4B-00C04F79EFBC}") = "12. RadiansToDegrees", "RadiansToDegrees\12. RadiansToDegrees.csproj", "{D37A29B6-D174-4D9D-83EA-CB74BD6F183B}"
EndProject
Project("{FAE04EC0-301F-11D3-BF4B-00C04F79EFBC}") = "13. USDToBGN", "USDToBGN\13. USDToBGN.csproj", "{3388EB26-C34F-4053-B77B-9AD599BFBFFD}"
EndProject
Project("{FAE04EC0-301F-11D3-BF4B-00C04F79EFBC}") = "14. CurrencyConverter", "CurrencyConverter\14. CurrencyConverter.csproj", "{4BD036F7-4E0B-46C9-9176-3C4F6CB91A43}"
EndProject
Project("{FAE04EC0-301F-11D3-BF4B-00C04F79EFBC}") = "15. 1000DaysAfterBirth", "1000DaysAfterBirth\15. 1000DaysAfterBirth.csproj", "{07D3874A-0507-4038-A7EB-5389BF878E88}"
EndProject
Project("{FAE04EC0-301F-11D3-BF4B-00C04F79EFBC}") = "16. CatchTheButton", "CatchTheButton\16. CatchTheButton.csproj", "{4943EAAA-09A1-45B4-9586-A2B8BCB9A328}"
EndProject
Project("{FAE04EC0-301F-11D3-BF4B-00C04F79EFBC}") = "17. TrainingLab", "TrainingLab\17. TrainingLab.csproj", "{F6DFE3C7-4868-4088-9204-7767CBA09DD1}"
EndProject
Project("{FAE04EC0-301F-11D3-BF4B-00C04F79EFBC}") = "18. VegetableMarket", "VegetableMarket\18. VegetableMarket.csproj", "{AC6BFE72-E9FA-4733-8F69-7D4E5EC7A13A}"
EndProject
Global
	GlobalSection(SolutionConfigurationPlatforms) = preSolution
		Debug|Any CPU = Debug|Any CPU
		Release|Any CPU = Release|Any CPU
	EndGlobalSection
	GlobalSection(ProjectConfigurationPlatforms) = postSolution
		{3CF03373-EBAF-40D2-B514-A2F0100EEDDD}.Debug|Any CPU.ActiveCfg = Debug|Any CPU
		{3CF03373-EBAF-40D2-B514-A2F0100EEDDD}.Debug|Any CPU.Build.0 = Debug|Any CPU
		{3CF03373-EBAF-40D2-B514-A2F0100EEDDD}.Release|Any CPU.ActiveCfg = Release|Any CPU
		{3CF03373-EBAF-40D2-B514-A2F0100EEDDD}.Release|Any CPU.Build.0 = Release|Any CPU
		{AAA20A4B-AD55-41BA-A7C8-81424CD142EE}.Debug|Any CPU.ActiveCfg = Debug|Any CPU
		{AAA20A4B-AD55-41BA-A7C8-81424CD142EE}.Debug|Any CPU.Build.0 = Debug|Any CPU
		{AAA20A4B-AD55-41BA-A7C8-81424CD142EE}.Release|Any CPU.ActiveCfg = Release|Any CPU
		{AAA20A4B-AD55-41BA-A7C8-81424CD142EE}.Release|Any CPU.Build.0 = Release|Any CPU
		{04097D5E-F0B3-4E9B-9490-00CFD9FBFC0C}.Debug|Any CPU.ActiveCfg = Debug|Any CPU
		{04097D5E-F0B3-4E9B-9490-00CFD9FBFC0C}.Debug|Any CPU.Build.0 = Debug|Any CPU
		{04097D5E-F0B3-4E9B-9490-00CFD9FBFC0C}.Release|Any CPU.ActiveCfg = Release|Any CPU
		{04097D5E-F0B3-4E9B-9490-00CFD9FBFC0C}.Release|Any CPU.Build.0 = Release|Any CPU
		{A518F952-E9B5-4473-9DBF-E39162F81840}.Debug|Any CPU.ActiveCfg = Debug|Any CPU
		{A518F952-E9B5-4473-9DBF-E39162F81840}.Debug|Any CPU.Build.0 = Debug|Any CPU
		{A518F952-E9B5-4473-9DBF-E39162F81840}.Release|Any CPU.ActiveCfg = Release|Any CPU
		{A518F952-E9B5-4473-9DBF-E39162F81840}.Release|Any CPU.Build.0 = Release|Any CPU
		{AFA45314-A40A-47C0-A482-F9C815F3EE60}.Debug|Any CPU.ActiveCfg = Debug|Any CPU
		{AFA45314-A40A-47C0-A482-F9C815F3EE60}.Debug|Any CPU.Build.0 = Debug|Any CPU
		{AFA45314-A40A-47C0-A482-F9C815F3EE60}.Release|Any CPU.ActiveCfg = Release|Any CPU
		{AFA45314-A40A-47C0-A482-F9C815F3EE60}.Release|Any CPU.Build.0 = Release|Any CPU
		{151621A9-8D28-4B20-ABE9-6DCA0B937883}.Debug|Any CPU.ActiveCfg = Debug|Any CPU
		{151621A9-8D28-4B20-ABE9-6DCA0B937883}.Debug|Any CPU.Build.0 = Debug|Any CPU
		{151621A9-8D28-4B20-ABE9-6DCA0B937883}.Release|Any CPU.ActiveCfg = Release|Any CPU
		{151621A9-8D28-4B20-ABE9-6DCA0B937883}.Release|Any CPU.Build.0 = Release|Any CPU
		{AE957690-5B96-4ECC-B4A2-7408A50F63AB}.Debug|Any CPU.ActiveCfg = Debug|Any CPU
		{AE957690-5B96-4ECC-B4A2-7408A50F63AB}.Debug|Any CPU.Build.0 = Debug|Any CPU
		{AE957690-5B96-4ECC-B4A2-7408A50F63AB}.Release|Any CPU.ActiveCfg = Release|Any CPU
		{AE957690-5B96-4ECC-B4A2-7408A50F63AB}.Release|Any CPU.Build.0 = Release|Any CPU
		{BEE18C04-8F32-4CC8-AC97-2F32532328BC}.Debug|Any CPU.ActiveCfg = Debug|Any CPU
		{BEE18C04-8F32-4CC8-AC97-2F32532328BC}.Debug|Any CPU.Build.0 = Debug|Any CPU
		{BEE18C04-8F32-4CC8-AC97-2F32532328BC}.Release|Any CPU.ActiveCfg = Release|Any CPU
		{BEE18C04-8F32-4CC8-AC97-2F32532328BC}.Release|Any CPU.Build.0 = Release|Any CPU
		{1CC7B88F-56CE-4935-A681-4C9B6708EC9F}.Debug|Any CPU.ActiveCfg = Debug|Any CPU
		{1CC7B88F-56CE-4935-A681-4C9B6708EC9F}.Debug|Any CPU.Build.0 = Debug|Any CPU
		{1CC7B88F-56CE-4935-A681-4C9B6708EC9F}.Release|Any CPU.ActiveCfg = Release|Any CPU
		{1CC7B88F-56CE-4935-A681-4C9B6708EC9F}.Release|Any CPU.Build.0 = Release|Any CPU
		{14AB7C0B-E217-47F0-95A9-534FD142CD9F}.Debug|Any CPU.ActiveCfg = Debug|Any CPU
		{14AB7C0B-E217-47F0-95A9-534FD142CD9F}.Debug|Any CPU.Build.0 = Debug|Any CPU
		{14AB7C0B-E217-47F0-95A9-534FD142CD9F}.Release|Any CPU.ActiveCfg = Release|Any CPU
		{14AB7C0B-E217-47F0-95A9-534FD142CD9F}.Release|Any CPU.Build.0 = Release|Any CPU
		{D37A29B6-D174-4D9D-83EA-CB74BD6F183B}.Debug|Any CPU.ActiveCfg = Debug|Any CPU
		{D37A29B6-D174-4D9D-83EA-CB74BD6F183B}.Debug|Any CPU.Build.0 = Debug|Any CPU
		{D37A29B6-D174-4D9D-83EA-CB74BD6F183B}.Release|Any CPU.ActiveCfg = Release|Any CPU
		{D37A29B6-D174-4D9D-83EA-CB74BD6F183B}.Release|Any CPU.Build.0 = Release|Any CPU
		{3388EB26-C34F-4053-B77B-9AD599BFBFFD}.Debug|Any CPU.ActiveCfg = Debug|Any CPU
		{3388EB26-C34F-4053-B77B-9AD599BFBFFD}.Debug|Any CPU.Build.0 = Debug|Any CPU
		{3388EB26-C34F-4053-B77B-9AD599BFBFFD}.Release|Any CPU.ActiveCfg = Release|Any CPU
		{3388EB26-C34F-4053-B77B-9AD599BFBFFD}.Release|Any CPU.Build.0 = Release|Any CPU
		{4BD036F7-4E0B-46C9-9176-3C4F6CB91A43}.Debug|Any CPU.ActiveCfg = Debug|Any CPU
		{4BD036F7-4E0B-46C9-9176-3C4F6CB91A43}.Debug|Any CPU.Build.0 = Debug|Any CPU
		{4BD036F7-4E0B-46C9-9176-3C4F6CB91A43}.Release|Any CPU.ActiveCfg = Release|Any CPU
		{4BD036F7-4E0B-46C9-9176-3C4F6CB91A43}.Release|Any CPU.Build.0 = Release|Any CPU
		{07D3874A-0507-4038-A7EB-5389BF878E88}.Debug|Any CPU.ActiveCfg = Debug|Any CPU
		{07D3874A-0507-4038-A7EB-5389BF878E88}.Debug|Any CPU.Build.0 = Debug|Any CPU
		{07D3874A-0507-4038-A7EB-5389BF878E88}.Release|Any CPU.ActiveCfg = Release|Any CPU
		{07D3874A-0507-4038-A7EB-5389BF878E88}.Release|Any CPU.Build.0 = Release|Any CPU
		{4943EAAA-09A1-45B4-9586-A2B8BCB9A328}.Debug|Any CPU.ActiveCfg = Debug|Any CPU
		{4943EAAA-09A1-45B4-9586-A2B8BCB9A328}.Debug|Any CPU.Build.0 = Debug|Any CPU
		{4943EAAA-09A1-45B4-9586-A2B8BCB9A328}.Release|Any CPU.ActiveCfg = Release|Any CPU
		{4943EAAA-09A1-45B4-9586-A2B8BCB9A328}.Release|Any CPU.Build.0 = Release|Any CPU
		{F6DFE3C7-4868-4088-9204-7767CBA09DD1}.Debug|Any CPU.ActiveCfg = Debug|Any CPU
		{F6DFE3C7-4868-4088-9204-7767CBA09DD1}.Debug|Any CPU.Build.0 = Debug|Any CPU
		{F6DFE3C7-4868-4088-9204-7767CBA09DD1}.Release|Any CPU.ActiveCfg = Release|Any CPU
		{F6DFE3C7-4868-4088-9204-7767CBA09DD1}.Release|Any CPU.Build.0 = Release|Any CPU
		{AC6BFE72-E9FA-4733-8F69-7D4E5EC7A13A}.Debug|Any CPU.ActiveCfg = Debug|Any CPU
		{AC6BFE72-E9FA-4733-8F69-7D4E5EC7A13A}.Debug|Any CPU.Build.0 = Debug|Any CPU
		{AC6BFE72-E9FA-4733-8F69-7D4E5EC7A13A}.Release|Any CPU.ActiveCfg = Release|Any CPU
		{AC6BFE72-E9FA-4733-8F69-7D4E5EC7A13A}.Release|Any CPU.Build.0 = Release|Any CPU
	EndGlobalSection
	GlobalSection(SolutionProperties) = preSolution
		HideSolutionNode = FALSE
	EndGlobalSection
EndGlobal
