
Microsoft Visual Studio Solution File, Format Version 12.00
# Visual Studio 14
VisualStudioVersion = 14.0.24720.0
MinimumVisualStudioVersion = 10.0.40219.1
Project("{FAE04EC0-301F-11D3-BF4B-00C04F79EFBC}") = "01. Numbers1ToNWithStep3", "Numbers1ToNWithStep3\01. Numbers1ToNWithStep3.csproj", "{8949E1F2-D919-4AEF-A284-2B9593879C8E}"
EndProject
Project("{FAE04EC0-301F-11D3-BF4B-00C04F79EFBC}") = "02. Numbers1ToN", "Numbers1ToN\02. Numbers1ToN.csproj", "{96654D3E-6394-424B-A5FA-5908B7CFCA86}"
EndProject
Project("{FAE04EC0-301F-11D3-BF4B-00C04F79EFBC}") = "03. PowersOfTwo", "PowersOfTwo\03. PowersOfTwo.csproj", "{C4844C3B-EECB-4BEA-8639-B37954927E40}"
EndProject
Project("{FAE04EC0-301F-11D3-BF4B-00C04F79EFBC}") = "04. EvenPowersOfTwo", "EvenPowersOfTwo\04. EvenPowersOfTwo.csproj", "{9FE2F05E-2CDD-474B-81B3-BAF67AE43CF6}"
EndProject
Project("{FAE04EC0-301F-11D3-BF4B-00C04F79EFBC}") = "05. Sequence2K+1", "Sequence2K+1\05. Sequence2K+1.csproj", "{53C8ECD0-F9A2-4E9F-AA69-6304D1514CE0}"
EndProject
Project("{FAE04EC0-301F-11D3-BF4B-00C04F79EFBC}") = "06. NumberInRange[1...100]", "NumberInRange]\06. NumberInRange[1...100].csproj", "{D40203C6-43CA-447C-8A81-30C30BB358FC}"
EndProject
Project("{FAE04EC0-301F-11D3-BF4B-00C04F79EFBC}") = "07. GreatestCommonDivisor", "GreatestCommonDivisor\07. GreatestCommonDivisor.csproj", "{CACB47CF-F4EB-4501-AF4D-E273ABFDDE76}"
EndProject
Project("{FAE04EC0-301F-11D3-BF4B-00C04F79EFBC}") = "08. Factorial", "Factorial\08. Factorial.csproj", "{D580B14B-C32F-438C-82FD-55A10A894CE5}"
EndProject
Project("{FAE04EC0-301F-11D3-BF4B-00C04F79EFBC}") = "09. SumDigits", "SumDigits\09. SumDigits.csproj", "{0DA4F8C3-9E0A-4A59-B0EF-763FFDCE5D9F}"
EndProject
Project("{FAE04EC0-301F-11D3-BF4B-00C04F79EFBC}") = "10. PrimeCheck", "PrimeCheck\10. PrimeCheck.csproj", "{29889105-2F49-4C94-A368-38B1AA716567}"
EndProject
Project("{FAE04EC0-301F-11D3-BF4B-00C04F79EFBC}") = "11. EnterEvenNumber", "EnterEvenNumber\11. EnterEvenNumber.csproj", "{A4B8688C-60A5-4F23-AA0C-FCF17A981B67}"
EndProject
Project("{FAE04EC0-301F-11D3-BF4B-00C04F79EFBC}") = "12. Fibonacci", "Fibonacci\12. Fibonacci.csproj", "{7DDC692D-4993-4C11-96A8-8F6C12BE43CE}"
EndProject
Project("{FAE04EC0-301F-11D3-BF4B-00C04F79EFBC}") = "13. NumberPyramid", "NumberPyramid\13. NumberPyramid.csproj", "{3BFE8869-CF5D-4846-99C1-BF3247AAF31D}"
EndProject
Project("{FAE04EC0-301F-11D3-BF4B-00C04F79EFBC}") = "14. NumberTable", "NumberTable\14. NumberTable.csproj", "{B82A357C-8622-4026-8874-3CE1FCB7C34A}"
EndProject
Project("{FAE04EC0-301F-11D3-BF4B-00C04F79EFBC}") = "15. Fruits-Web-Game", "Fruits-Web-Game\15. Fruits-Web-Game.csproj", "{E658A43E-A6F8-4CAE-A0AD-576473ED29E6}"
EndProject
Project("{FAE04EC0-301F-11D3-BF4B-00C04F79EFBC}") = "16. StupidPasswordGenerator", "StupidPasswordGenerator\16. StupidPasswordGenerator.csproj", "{53A0BE49-B3D4-4450-A59C-FE58544AB032}"
EndProject
Project("{FAE04EC0-301F-11D3-BF4B-00C04F79EFBC}") = "17. MagicNumbers", "MagicNumbers\17. MagicNumbers.csproj", "{71777034-DEB0-4E41-BDE5-F7789A36C56F}"
EndProject
Project("{FAE04EC0-301F-11D3-BF4B-00C04F79EFBC}") = "18. SpecialNumbers", "SpecialNumbers\18. SpecialNumbers.csproj", "{B55FAB09-2642-4A12-8DDB-5FCB5D8F40B6}"
EndProject
Global
	GlobalSection(SolutionConfigurationPlatforms) = preSolution
		Debug|Any CPU = Debug|Any CPU
		Release|Any CPU = Release|Any CPU
	EndGlobalSection
	GlobalSection(ProjectConfigurationPlatforms) = postSolution
		{8949E1F2-D919-4AEF-A284-2B9593879C8E}.Debug|Any CPU.ActiveCfg = Debug|Any CPU
		{8949E1F2-D919-4AEF-A284-2B9593879C8E}.Debug|Any CPU.Build.0 = Debug|Any CPU
		{8949E1F2-D919-4AEF-A284-2B9593879C8E}.Release|Any CPU.ActiveCfg = Release|Any CPU
		{8949E1F2-D919-4AEF-A284-2B9593879C8E}.Release|Any CPU.Build.0 = Release|Any CPU
		{96654D3E-6394-424B-A5FA-5908B7CFCA86}.Debug|Any CPU.ActiveCfg = Debug|Any CPU
		{96654D3E-6394-424B-A5FA-5908B7CFCA86}.Debug|Any CPU.Build.0 = Debug|Any CPU
		{96654D3E-6394-424B-A5FA-5908B7CFCA86}.Release|Any CPU.ActiveCfg = Release|Any CPU
		{96654D3E-6394-424B-A5FA-5908B7CFCA86}.Release|Any CPU.Build.0 = Release|Any CPU
		{C4844C3B-EECB-4BEA-8639-B37954927E40}.Debug|Any CPU.ActiveCfg = Debug|Any CPU
		{C4844C3B-EECB-4BEA-8639-B37954927E40}.Debug|Any CPU.Build.0 = Debug|Any CPU
		{C4844C3B-EECB-4BEA-8639-B37954927E40}.Release|Any CPU.ActiveCfg = Release|Any CPU
		{C4844C3B-EECB-4BEA-8639-B37954927E40}.Release|Any CPU.Build.0 = Release|Any CPU
		{9FE2F05E-2CDD-474B-81B3-BAF67AE43CF6}.Debug|Any CPU.ActiveCfg = Debug|Any CPU
		{9FE2F05E-2CDD-474B-81B3-BAF67AE43CF6}.Debug|Any CPU.Build.0 = Debug|Any CPU
		{9FE2F05E-2CDD-474B-81B3-BAF67AE43CF6}.Release|Any CPU.ActiveCfg = Release|Any CPU
		{9FE2F05E-2CDD-474B-81B3-BAF67AE43CF6}.Release|Any CPU.Build.0 = Release|Any CPU
		{53C8ECD0-F9A2-4E9F-AA69-6304D1514CE0}.Debug|Any CPU.ActiveCfg = Debug|Any CPU
		{53C8ECD0-F9A2-4E9F-AA69-6304D1514CE0}.Debug|Any CPU.Build.0 = Debug|Any CPU
		{53C8ECD0-F9A2-4E9F-AA69-6304D1514CE0}.Release|Any CPU.ActiveCfg = Release|Any CPU
		{53C8ECD0-F9A2-4E9F-AA69-6304D1514CE0}.Release|Any CPU.Build.0 = Release|Any CPU
		{D40203C6-43CA-447C-8A81-30C30BB358FC}.Debug|Any CPU.ActiveCfg = Debug|Any CPU
		{D40203C6-43CA-447C-8A81-30C30BB358FC}.Debug|Any CPU.Build.0 = Debug|Any CPU
		{D40203C6-43CA-447C-8A81-30C30BB358FC}.Release|Any CPU.ActiveCfg = Release|Any CPU
		{D40203C6-43CA-447C-8A81-30C30BB358FC}.Release|Any CPU.Build.0 = Release|Any CPU
		{CACB47CF-F4EB-4501-AF4D-E273ABFDDE76}.Debug|Any CPU.ActiveCfg = Debug|Any CPU
		{CACB47CF-F4EB-4501-AF4D-E273ABFDDE76}.Debug|Any CPU.Build.0 = Debug|Any CPU
		{CACB47CF-F4EB-4501-AF4D-E273ABFDDE76}.Release|Any CPU.ActiveCfg = Release|Any CPU
		{CACB47CF-F4EB-4501-AF4D-E273ABFDDE76}.Release|Any CPU.Build.0 = Release|Any CPU
		{D580B14B-C32F-438C-82FD-55A10A894CE5}.Debug|Any CPU.ActiveCfg = Debug|Any CPU
		{D580B14B-C32F-438C-82FD-55A10A894CE5}.Debug|Any CPU.Build.0 = Debug|Any CPU
		{D580B14B-C32F-438C-82FD-55A10A894CE5}.Release|Any CPU.ActiveCfg = Release|Any CPU
		{D580B14B-C32F-438C-82FD-55A10A894CE5}.Release|Any CPU.Build.0 = Release|Any CPU
		{0DA4F8C3-9E0A-4A59-B0EF-763FFDCE5D9F}.Debug|Any CPU.ActiveCfg = Debug|Any CPU
		{0DA4F8C3-9E0A-4A59-B0EF-763FFDCE5D9F}.Debug|Any CPU.Build.0 = Debug|Any CPU
		{0DA4F8C3-9E0A-4A59-B0EF-763FFDCE5D9F}.Release|Any CPU.ActiveCfg = Release|Any CPU
		{0DA4F8C3-9E0A-4A59-B0EF-763FFDCE5D9F}.Release|Any CPU.Build.0 = Release|Any CPU
		{29889105-2F49-4C94-A368-38B1AA716567}.Debug|Any CPU.ActiveCfg = Debug|Any CPU
		{29889105-2F49-4C94-A368-38B1AA716567}.Debug|Any CPU.Build.0 = Debug|Any CPU
		{29889105-2F49-4C94-A368-38B1AA716567}.Release|Any CPU.ActiveCfg = Release|Any CPU
		{29889105-2F49-4C94-A368-38B1AA716567}.Release|Any CPU.Build.0 = Release|Any CPU
		{A4B8688C-60A5-4F23-AA0C-FCF17A981B67}.Debug|Any CPU.ActiveCfg = Debug|Any CPU
		{A4B8688C-60A5-4F23-AA0C-FCF17A981B67}.Debug|Any CPU.Build.0 = Debug|Any CPU
		{A4B8688C-60A5-4F23-AA0C-FCF17A981B67}.Release|Any CPU.ActiveCfg = Release|Any CPU
		{A4B8688C-60A5-4F23-AA0C-FCF17A981B67}.Release|Any CPU.Build.0 = Release|Any CPU
		{7DDC692D-4993-4C11-96A8-8F6C12BE43CE}.Debug|Any CPU.ActiveCfg = Debug|Any CPU
		{7DDC692D-4993-4C11-96A8-8F6C12BE43CE}.Debug|Any CPU.Build.0 = Debug|Any CPU
		{7DDC692D-4993-4C11-96A8-8F6C12BE43CE}.Release|Any CPU.ActiveCfg = Release|Any CPU
		{7DDC692D-4993-4C11-96A8-8F6C12BE43CE}.Release|Any CPU.Build.0 = Release|Any CPU
		{3BFE8869-CF5D-4846-99C1-BF3247AAF31D}.Debug|Any CPU.ActiveCfg = Debug|Any CPU
		{3BFE8869-CF5D-4846-99C1-BF3247AAF31D}.Debug|Any CPU.Build.0 = Debug|Any CPU
		{3BFE8869-CF5D-4846-99C1-BF3247AAF31D}.Release|Any CPU.ActiveCfg = Release|Any CPU
		{3BFE8869-CF5D-4846-99C1-BF3247AAF31D}.Release|Any CPU.Build.0 = Release|Any CPU
		{B82A357C-8622-4026-8874-3CE1FCB7C34A}.Debug|Any CPU.ActiveCfg = Debug|Any CPU
		{B82A357C-8622-4026-8874-3CE1FCB7C34A}.Debug|Any CPU.Build.0 = Debug|Any CPU
		{B82A357C-8622-4026-8874-3CE1FCB7C34A}.Release|Any CPU.ActiveCfg = Release|Any CPU
		{B82A357C-8622-4026-8874-3CE1FCB7C34A}.Release|Any CPU.Build.0 = Release|Any CPU
		{E658A43E-A6F8-4CAE-A0AD-576473ED29E6}.Debug|Any CPU.ActiveCfg = Debug|Any CPU
		{E658A43E-A6F8-4CAE-A0AD-576473ED29E6}.Debug|Any CPU.Build.0 = Debug|Any CPU
		{E658A43E-A6F8-4CAE-A0AD-576473ED29E6}.Release|Any CPU.ActiveCfg = Release|Any CPU
		{E658A43E-A6F8-4CAE-A0AD-576473ED29E6}.Release|Any CPU.Build.0 = Release|Any CPU
		{53A0BE49-B3D4-4450-A59C-FE58544AB032}.Debug|Any CPU.ActiveCfg = Debug|Any CPU
		{53A0BE49-B3D4-4450-A59C-FE58544AB032}.Debug|Any CPU.Build.0 = Debug|Any CPU
		{53A0BE49-B3D4-4450-A59C-FE58544AB032}.Release|Any CPU.ActiveCfg = Release|Any CPU
		{53A0BE49-B3D4-4450-A59C-FE58544AB032}.Release|Any CPU.Build.0 = Release|Any CPU
		{71777034-DEB0-4E41-BDE5-F7789A36C56F}.Debug|Any CPU.ActiveCfg = Debug|Any CPU
		{71777034-DEB0-4E41-BDE5-F7789A36C56F}.Debug|Any CPU.Build.0 = Debug|Any CPU
		{71777034-DEB0-4E41-BDE5-F7789A36C56F}.Release|Any CPU.ActiveCfg = Release|Any CPU
		{71777034-DEB0-4E41-BDE5-F7789A36C56F}.Release|Any CPU.Build.0 = Release|Any CPU
		{B55FAB09-2642-4A12-8DDB-5FCB5D8F40B6}.Debug|Any CPU.ActiveCfg = Debug|Any CPU
		{B55FAB09-2642-4A12-8DDB-5FCB5D8F40B6}.Debug|Any CPU.Build.0 = Debug|Any CPU
		{B55FAB09-2642-4A12-8DDB-5FCB5D8F40B6}.Release|Any CPU.ActiveCfg = Release|Any CPU
		{B55FAB09-2642-4A12-8DDB-5FCB5D8F40B6}.Release|Any CPU.Build.0 = Release|Any CPU
	EndGlobalSection
	GlobalSection(SolutionProperties) = preSolution
		HideSolutionNode = FALSE
	EndGlobalSection
EndGlobal
