
Microsoft Visual Studio Solution File, Format Version 12.00
# Visual Studio Express 2013 for Windows Desktop
VisualStudioVersion = 12.0.21005.1
MinimumVisualStudioVersion = 10.0.40219.1
Project("{FAE04EC0-301F-11D3-BF4B-00C04F79EFBC}") = "01. CakeTycoon", "CakeTycoon\01. CakeTycoon.csproj", "{5727DBE2-8E7C-4D93-AC01-4E2008EB2978}"
EndProject
Project("{FAE04EC0-301F-11D3-BF4B-00C04F79EFBC}") = "02. BeerStock", "BeerStock\02. BeerStock.csproj", "{BC8D54F2-29F5-44F6-9ADF-6DBB64CDB929}"
EndProject
Project("{FAE04EC0-301F-11D3-BF4B-00C04F79EFBC}") = "03. IlluminatiLock", "IlluminatiLock\03. IlluminatiLock.csproj", "{6C75A185-4054-4BBB-B400-6CD405E58CCE}"
EndProject
Project("{FAE04EC0-301F-11D3-BF4B-00C04F79EFBC}") = "04. MasterHerbalist", "MasterHerbalist\04. MasterHerbalist.csproj", "{194AB3D4-F044-41E3-88CD-24898CF80DAF}"
EndProject
Global
	GlobalSection(SolutionConfigurationPlatforms) = preSolution
		Debug|Any CPU = Debug|Any CPU
		Release|Any CPU = Release|Any CPU
	EndGlobalSection
	GlobalSection(ProjectConfigurationPlatforms) = postSolution
		{5727DBE2-8E7C-4D93-AC01-4E2008EB2978}.Debug|Any CPU.ActiveCfg = Debug|Any CPU
		{5727DBE2-8E7C-4D93-AC01-4E2008EB2978}.Debug|Any CPU.Build.0 = Debug|Any CPU
		{5727DBE2-8E7C-4D93-AC01-4E2008EB2978}.Release|Any CPU.ActiveCfg = Release|Any CPU
		{5727DBE2-8E7C-4D93-AC01-4E2008EB2978}.Release|Any CPU.Build.0 = Release|Any CPU
		{BC8D54F2-29F5-44F6-9ADF-6DBB64CDB929}.Debug|Any CPU.ActiveCfg = Debug|Any CPU
		{BC8D54F2-29F5-44F6-9ADF-6DBB64CDB929}.Debug|Any CPU.Build.0 = Debug|Any CPU
		{BC8D54F2-29F5-44F6-9ADF-6DBB64CDB929}.Release|Any CPU.ActiveCfg = Release|Any CPU
		{BC8D54F2-29F5-44F6-9ADF-6DBB64CDB929}.Release|Any CPU.Build.0 = Release|Any CPU
		{6C75A185-4054-4BBB-B400-6CD405E58CCE}.Debug|Any CPU.ActiveCfg = Debug|Any CPU
		{6C75A185-4054-4BBB-B400-6CD405E58CCE}.Debug|Any CPU.Build.0 = Debug|Any CPU
		{6C75A185-4054-4BBB-B400-6CD405E58CCE}.Release|Any CPU.ActiveCfg = Release|Any CPU
		{6C75A185-4054-4BBB-B400-6CD405E58CCE}.Release|Any CPU.Build.0 = Release|Any CPU
		{194AB3D4-F044-41E3-88CD-24898CF80DAF}.Debug|Any CPU.ActiveCfg = Debug|Any CPU
		{194AB3D4-F044-41E3-88CD-24898CF80DAF}.Debug|Any CPU.Build.0 = Debug|Any CPU
		{194AB3D4-F044-41E3-88CD-24898CF80DAF}.Release|Any CPU.ActiveCfg = Release|Any CPU
		{194AB3D4-F044-41E3-88CD-24898CF80DAF}.Release|Any CPU.Build.0 = Release|Any CPU
	EndGlobalSection
	GlobalSection(SolutionProperties) = preSolution
		HideSolutionNode = FALSE
	EndGlobalSection
EndGlobal
