
Microsoft Visual Studio Solution File, Format Version 12.00
# Visual Studio 14
VisualStudioVersion = 14.0.24720.0
MinimumVisualStudioVersion = 10.0.40219.1
Project("{FAE04EC0-301F-11D3-BF4B-00C04F79EFBC}") = "01. HousePainting", "HousePainting\01. HousePainting.csproj", "{1A5ACC4D-934B-4573-B046-09B427F8E124}"
EndProject
Project("{FAE04EC0-301F-11D3-BF4B-00C04F79EFBC}") = "02. Cups", "Cups\02. Cups.csproj", "{8863BB61-701A-4282-9101-A68FC5C82C62}"
EndProject
Project("{FAE04EC0-301F-11D3-BF4B-00C04F79EFBC}") = "03. Vacation", "Vacation\03. Vacation.csproj", "{0049CC09-4184-4591-9BC3-A10A597C43DE}"
EndProject
Project("{FAE04EC0-301F-11D3-BF4B-00C04F79EFBC}") = "04. TrainersSalary", "TrainersSalary\04. TrainersSalary.csproj", "{5DAEA576-A959-487D-ACEF-DCDA8B6A6A71}"
EndProject
Project("{FAE04EC0-301F-11D3-BF4B-00C04F79EFBC}") = "05. HourGlass", "HourGlass\05. HourGlass.csproj", "{C912BC2E-98C2-4ECC-9C64-62B7EAC9DF3E}"
EndProject
Project("{FAE04EC0-301F-11D3-BF4B-00C04F79EFBC}") = "06. TwoNumbersSum", "TwoNumbersSum\06. TwoNumbersSum.csproj", "{859BD9B3-36B5-4740-8482-41E414CAAE45}"
EndProject
Global
	GlobalSection(SolutionConfigurationPlatforms) = preSolution
		Debug|Any CPU = Debug|Any CPU
		Release|Any CPU = Release|Any CPU
	EndGlobalSection
	GlobalSection(ProjectConfigurationPlatforms) = postSolution
		{1A5ACC4D-934B-4573-B046-09B427F8E124}.Debug|Any CPU.ActiveCfg = Debug|Any CPU
		{1A5ACC4D-934B-4573-B046-09B427F8E124}.Debug|Any CPU.Build.0 = Debug|Any CPU
		{1A5ACC4D-934B-4573-B046-09B427F8E124}.Release|Any CPU.ActiveCfg = Release|Any CPU
		{1A5ACC4D-934B-4573-B046-09B427F8E124}.Release|Any CPU.Build.0 = Release|Any CPU
		{8863BB61-701A-4282-9101-A68FC5C82C62}.Debug|Any CPU.ActiveCfg = Debug|Any CPU
		{8863BB61-701A-4282-9101-A68FC5C82C62}.Debug|Any CPU.Build.0 = Debug|Any CPU
		{8863BB61-701A-4282-9101-A68FC5C82C62}.Release|Any CPU.ActiveCfg = Release|Any CPU
		{8863BB61-701A-4282-9101-A68FC5C82C62}.Release|Any CPU.Build.0 = Release|Any CPU
		{0049CC09-4184-4591-9BC3-A10A597C43DE}.Debug|Any CPU.ActiveCfg = Debug|Any CPU
		{0049CC09-4184-4591-9BC3-A10A597C43DE}.Debug|Any CPU.Build.0 = Debug|Any CPU
		{0049CC09-4184-4591-9BC3-A10A597C43DE}.Release|Any CPU.ActiveCfg = Release|Any CPU
		{0049CC09-4184-4591-9BC3-A10A597C43DE}.Release|Any CPU.Build.0 = Release|Any CPU
		{5DAEA576-A959-487D-ACEF-DCDA8B6A6A71}.Debug|Any CPU.ActiveCfg = Debug|Any CPU
		{5DAEA576-A959-487D-ACEF-DCDA8B6A6A71}.Debug|Any CPU.Build.0 = Debug|Any CPU
		{5DAEA576-A959-487D-ACEF-DCDA8B6A6A71}.Release|Any CPU.ActiveCfg = Release|Any CPU
		{5DAEA576-A959-487D-ACEF-DCDA8B6A6A71}.Release|Any CPU.Build.0 = Release|Any CPU
		{C912BC2E-98C2-4ECC-9C64-62B7EAC9DF3E}.Debug|Any CPU.ActiveCfg = Debug|Any CPU
		{C912BC2E-98C2-4ECC-9C64-62B7EAC9DF3E}.Debug|Any CPU.Build.0 = Debug|Any CPU
		{C912BC2E-98C2-4ECC-9C64-62B7EAC9DF3E}.Release|Any CPU.ActiveCfg = Release|Any CPU
		{C912BC2E-98C2-4ECC-9C64-62B7EAC9DF3E}.Release|Any CPU.Build.0 = Release|Any CPU
		{859BD9B3-36B5-4740-8482-41E414CAAE45}.Debug|Any CPU.ActiveCfg = Debug|Any CPU
		{859BD9B3-36B5-4740-8482-41E414CAAE45}.Debug|Any CPU.Build.0 = Debug|Any CPU
		{859BD9B3-36B5-4740-8482-41E414CAAE45}.Release|Any CPU.ActiveCfg = Release|Any CPU
		{859BD9B3-36B5-4740-8482-41E414CAAE45}.Release|Any CPU.Build.0 = Release|Any CPU
	EndGlobalSection
	GlobalSection(SolutionProperties) = preSolution
		HideSolutionNode = FALSE
	EndGlobalSection
EndGlobal
