
Microsoft Visual Studio Solution File, Format Version 12.00
# Visual Studio 14
VisualStudioVersion = 14.0.24720.0
MinimumVisualStudioVersion = 10.0.40219.1
Project("{FAE04EC0-301F-11D3-BF4B-00C04F79EFBC}") = "01. Hello CSharp", "Hello CSharp\01. Hello CSharp.csproj", "{EF5BC506-7901-4E3D-843F-7722953AF85E}"
EndProject
Project("{FAE04EC0-301F-11D3-BF4B-00C04F79EFBC}") = "02. Expression", "Expression\02. Expression.csproj", "{3B44567E-D225-4CBE-BC9B-43C086B815D1}"
EndProject
Project("{FAE04EC0-301F-11D3-BF4B-00C04F79EFBC}") = "03. Sumator", "Sumator\03. Sumator.csproj", "{741BC67A-9969-441B-A03B-41E07C98DF9E}"
EndProject
Project("{FAE04EC0-301F-11D3-BF4B-00C04F79EFBC}") = "04. SumatorWeb", "SumatorWeb\04. SumatorWeb.csproj", "{4E083D6B-A6BE-4883-8F22-054BE73C0C66}"
EndProject
Project("{FAE04EC0-301F-11D3-BF4B-00C04F79EFBC}") = "05. Nums1To20", "Nums1To20\05. Nums1To20.csproj", "{606A6769-8531-479D-BFAA-310FD2959829}"
EndProject
Project("{FAE04EC0-301F-11D3-BF4B-00C04F79EFBC}") = "06. Triangle55Stars", "Triangle55Stars\06. Triangle55Stars.csproj", "{F5F6277B-C311-48BB-A761-1E561ADE00AF}"
EndProject
Project("{FAE04EC0-301F-11D3-BF4B-00C04F79EFBC}") = "07. RectangleArea", "RectangleArea\07. RectangleArea.csproj", "{3F19B354-F496-4AD7-8D00-479BA94748AD}"
EndProject
Project("{FAE04EC0-301F-11D3-BF4B-00C04F79EFBC}") = "08. SquareOfStars", "SquareOfStars\08. SquareOfStars.csproj", "{60E72187-27E6-4E6F-9479-D86890390139}"
EndProject
Global
	GlobalSection(SolutionConfigurationPlatforms) = preSolution
		Debug|Any CPU = Debug|Any CPU
		Release|Any CPU = Release|Any CPU
	EndGlobalSection
	GlobalSection(ProjectConfigurationPlatforms) = postSolution
		{EF5BC506-7901-4E3D-843F-7722953AF85E}.Debug|Any CPU.ActiveCfg = Debug|Any CPU
		{EF5BC506-7901-4E3D-843F-7722953AF85E}.Debug|Any CPU.Build.0 = Debug|Any CPU
		{EF5BC506-7901-4E3D-843F-7722953AF85E}.Release|Any CPU.ActiveCfg = Release|Any CPU
		{EF5BC506-7901-4E3D-843F-7722953AF85E}.Release|Any CPU.Build.0 = Release|Any CPU
		{3B44567E-D225-4CBE-BC9B-43C086B815D1}.Debug|Any CPU.ActiveCfg = Debug|Any CPU
		{3B44567E-D225-4CBE-BC9B-43C086B815D1}.Debug|Any CPU.Build.0 = Debug|Any CPU
		{3B44567E-D225-4CBE-BC9B-43C086B815D1}.Release|Any CPU.ActiveCfg = Release|Any CPU
		{3B44567E-D225-4CBE-BC9B-43C086B815D1}.Release|Any CPU.Build.0 = Release|Any CPU
		{741BC67A-9969-441B-A03B-41E07C98DF9E}.Debug|Any CPU.ActiveCfg = Debug|Any CPU
		{741BC67A-9969-441B-A03B-41E07C98DF9E}.Debug|Any CPU.Build.0 = Debug|Any CPU
		{741BC67A-9969-441B-A03B-41E07C98DF9E}.Release|Any CPU.ActiveCfg = Release|Any CPU
		{741BC67A-9969-441B-A03B-41E07C98DF9E}.Release|Any CPU.Build.0 = Release|Any CPU
		{4E083D6B-A6BE-4883-8F22-054BE73C0C66}.Debug|Any CPU.ActiveCfg = Debug|Any CPU
		{4E083D6B-A6BE-4883-8F22-054BE73C0C66}.Debug|Any CPU.Build.0 = Debug|Any CPU
		{4E083D6B-A6BE-4883-8F22-054BE73C0C66}.Release|Any CPU.ActiveCfg = Release|Any CPU
		{4E083D6B-A6BE-4883-8F22-054BE73C0C66}.Release|Any CPU.Build.0 = Release|Any CPU
		{606A6769-8531-479D-BFAA-310FD2959829}.Debug|Any CPU.ActiveCfg = Debug|Any CPU
		{606A6769-8531-479D-BFAA-310FD2959829}.Debug|Any CPU.Build.0 = Debug|Any CPU
		{606A6769-8531-479D-BFAA-310FD2959829}.Release|Any CPU.ActiveCfg = Release|Any CPU
		{606A6769-8531-479D-BFAA-310FD2959829}.Release|Any CPU.Build.0 = Release|Any CPU
		{F5F6277B-C311-48BB-A761-1E561ADE00AF}.Debug|Any CPU.ActiveCfg = Debug|Any CPU
		{F5F6277B-C311-48BB-A761-1E561ADE00AF}.Debug|Any CPU.Build.0 = Debug|Any CPU
		{F5F6277B-C311-48BB-A761-1E561ADE00AF}.Release|Any CPU.ActiveCfg = Release|Any CPU
		{F5F6277B-C311-48BB-A761-1E561ADE00AF}.Release|Any CPU.Build.0 = Release|Any CPU
		{3F19B354-F496-4AD7-8D00-479BA94748AD}.Debug|Any CPU.ActiveCfg = Debug|Any CPU
		{3F19B354-F496-4AD7-8D00-479BA94748AD}.Debug|Any CPU.Build.0 = Debug|Any CPU
		{3F19B354-F496-4AD7-8D00-479BA94748AD}.Release|Any CPU.ActiveCfg = Release|Any CPU
		{3F19B354-F496-4AD7-8D00-479BA94748AD}.Release|Any CPU.Build.0 = Release|Any CPU
		{60E72187-27E6-4E6F-9479-D86890390139}.Debug|Any CPU.ActiveCfg = Debug|Any CPU
		{60E72187-27E6-4E6F-9479-D86890390139}.Debug|Any CPU.Build.0 = Debug|Any CPU
		{60E72187-27E6-4E6F-9479-D86890390139}.Release|Any CPU.ActiveCfg = Release|Any CPU
		{60E72187-27E6-4E6F-9479-D86890390139}.Release|Any CPU.Build.0 = Release|Any CPU
	EndGlobalSection
	GlobalSection(SolutionProperties) = preSolution
		HideSolutionNode = FALSE
	EndGlobalSection
EndGlobal
