
Microsoft Visual Studio Solution File, Format Version 12.00
# Visual Studio 14
VisualStudioVersion = 14.0.24720.0
MinimumVisualStudioVersion = 10.0.40219.1
Project("{FAE04EC0-301F-11D3-BF4B-00C04F79EFBC}") = "01. TrainingLab", "TrainingLab\01. TrainingLab.csproj", "{11EDFAF3-D0E3-4B9B-961A-D8BC42617467}"
EndProject
Project("{FAE04EC0-301F-11D3-BF4B-00C04F79EFBC}") = "02. TransportPrice", "TransportPrice\02. TransportPrice.csproj", "{F077C4FB-6211-4FFD-A2B0-710446E56CE8}"
EndProject
Project("{FAE04EC0-301F-11D3-BF4B-00C04F79EFBC}") = "03. OnTimeForExam", "OnTimeForExam\03. OnTimeForExam.csproj", "{EA140423-722D-4FAF-B2E8-0DAC03DAB9ED}"
EndProject
Project("{FAE04EC0-301F-11D3-BF4B-00C04F79EFBC}") = "04. Histogram", "Histogram\04. Histogram.csproj", "{7A408BDC-C5F9-414D-9D6F-6027DC313E28}"
EndProject
Project("{FAE04EC0-301F-11D3-BF4B-00C04F79EFBC}") = "05. DrawFort", "DrawFort\05. DrawFort.csproj", "{8C0A88BA-3181-4D32-95A0-9AE0AC7165AF}"
EndProject
Project("{FAE04EC0-301F-11D3-BF4B-00C04F79EFBC}") = "06. StupidPasswordGenerator", "StupidPasswordGenerator\06. StupidPasswordGenerator.csproj", "{26BCC66D-7643-40A3-9C7F-93B66755D582}"
EndProject
Global
	GlobalSection(SolutionConfigurationPlatforms) = preSolution
		Debug|Any CPU = Debug|Any CPU
		Release|Any CPU = Release|Any CPU
	EndGlobalSection
	GlobalSection(ProjectConfigurationPlatforms) = postSolution
		{11EDFAF3-D0E3-4B9B-961A-D8BC42617467}.Debug|Any CPU.ActiveCfg = Debug|Any CPU
		{11EDFAF3-D0E3-4B9B-961A-D8BC42617467}.Debug|Any CPU.Build.0 = Debug|Any CPU
		{11EDFAF3-D0E3-4B9B-961A-D8BC42617467}.Release|Any CPU.ActiveCfg = Release|Any CPU
		{11EDFAF3-D0E3-4B9B-961A-D8BC42617467}.Release|Any CPU.Build.0 = Release|Any CPU
		{F077C4FB-6211-4FFD-A2B0-710446E56CE8}.Debug|Any CPU.ActiveCfg = Debug|Any CPU
		{F077C4FB-6211-4FFD-A2B0-710446E56CE8}.Debug|Any CPU.Build.0 = Debug|Any CPU
		{F077C4FB-6211-4FFD-A2B0-710446E56CE8}.Release|Any CPU.ActiveCfg = Release|Any CPU
		{F077C4FB-6211-4FFD-A2B0-710446E56CE8}.Release|Any CPU.Build.0 = Release|Any CPU
		{EA140423-722D-4FAF-B2E8-0DAC03DAB9ED}.Debug|Any CPU.ActiveCfg = Debug|Any CPU
		{EA140423-722D-4FAF-B2E8-0DAC03DAB9ED}.Debug|Any CPU.Build.0 = Debug|Any CPU
		{EA140423-722D-4FAF-B2E8-0DAC03DAB9ED}.Release|Any CPU.ActiveCfg = Release|Any CPU
		{EA140423-722D-4FAF-B2E8-0DAC03DAB9ED}.Release|Any CPU.Build.0 = Release|Any CPU
		{7A408BDC-C5F9-414D-9D6F-6027DC313E28}.Debug|Any CPU.ActiveCfg = Debug|Any CPU
		{7A408BDC-C5F9-414D-9D6F-6027DC313E28}.Debug|Any CPU.Build.0 = Debug|Any CPU
		{7A408BDC-C5F9-414D-9D6F-6027DC313E28}.Release|Any CPU.ActiveCfg = Release|Any CPU
		{7A408BDC-C5F9-414D-9D6F-6027DC313E28}.Release|Any CPU.Build.0 = Release|Any CPU
		{8C0A88BA-3181-4D32-95A0-9AE0AC7165AF}.Debug|Any CPU.ActiveCfg = Debug|Any CPU
		{8C0A88BA-3181-4D32-95A0-9AE0AC7165AF}.Debug|Any CPU.Build.0 = Debug|Any CPU
		{8C0A88BA-3181-4D32-95A0-9AE0AC7165AF}.Release|Any CPU.ActiveCfg = Release|Any CPU
		{8C0A88BA-3181-4D32-95A0-9AE0AC7165AF}.Release|Any CPU.Build.0 = Release|Any CPU
		{26BCC66D-7643-40A3-9C7F-93B66755D582}.Debug|Any CPU.ActiveCfg = Debug|Any CPU
		{26BCC66D-7643-40A3-9C7F-93B66755D582}.Debug|Any CPU.Build.0 = Debug|Any CPU
		{26BCC66D-7643-40A3-9C7F-93B66755D582}.Release|Any CPU.ActiveCfg = Release|Any CPU
		{26BCC66D-7643-40A3-9C7F-93B66755D582}.Release|Any CPU.Build.0 = Release|Any CPU
	EndGlobalSection
	GlobalSection(SolutionProperties) = preSolution
		HideSolutionNode = FALSE
	EndGlobalSection
EndGlobal
