
Microsoft Visual Studio Solution File, Format Version 12.00
# Visual Studio Express 2013 for Windows Desktop
VisualStudioVersion = 12.0.21005.1
MinimumVisualStudioVersion = 10.0.40219.1
Project("{FAE04EC0-301F-11D3-BF4B-00C04F79EFBC}") = "01. ExcellentResult", "ExcellentResult\01. ExcellentResult.csproj", "{042E8C90-0EFA-4B9C-B3D7-FC6103B07A71}"
EndProject
Project("{FAE04EC0-301F-11D3-BF4B-00C04F79EFBC}") = "02. ExcellentOrNot", "ExcellentOrNot\02. ExcellentOrNot.csproj", "{1E8705E9-CEDC-4FCB-B30F-10DE51EFB19E}"
EndProject
Project("{FAE04EC0-301F-11D3-BF4B-00C04F79EFBC}") = "03. EvenOrOdd", "EvenOrOdd\03. EvenOrOdd.csproj", "{BA59CEBA-26B3-493A-B5F2-E71AAF7B643F}"
EndProject
Project("{FAE04EC0-301F-11D3-BF4B-00C04F79EFBC}") = "04. GreaterNumber", "GreaterNumber\04. GreaterNumber.csproj", "{EE67EAE4-0CEB-4971-962F-23B19409E373}"
EndProject
Project("{FAE04EC0-301F-11D3-BF4B-00C04F79EFBC}") = "05. Number0To9Text", "Number0To9Text\05. Number0To9Text.csproj", "{FCC6AD8B-3C08-4477-AA05-C372C0CAB822}"
EndProject
Project("{FAE04EC0-301F-11D3-BF4B-00C04F79EFBC}") = "06. BonusScore", "BonusScore\06. BonusScore.csproj", "{1BFC4050-FF90-4FE0-918B-002CB02DA57A}"
EndProject
Project("{FAE04EC0-301F-11D3-BF4B-00C04F79EFBC}") = "07. SumSeconds", "SumSeconds\07. SumSeconds.csproj", "{D01BB26A-DD26-4E6B-AE6C-4373834D9C4B}"
EndProject
Project("{FAE04EC0-301F-11D3-BF4B-00C04F79EFBC}") = "08. MetricConverter", "MetricConverter\08. MetricConverter.csproj", "{7D1E2B95-EBCC-40E5-B4FF-74912E4C6220}"
EndProject
Project("{FAE04EC0-301F-11D3-BF4B-00C04F79EFBC}") = "09. Currency-Converter", "Currency-Converter\09. Currency-Converter.csproj", "{B892DBE1-C03D-40FC-8AE5-F5F6BFA5001B}"
EndProject
Project("{FAE04EC0-301F-11D3-BF4B-00C04F79EFBC}") = "10. PasswordGuess", "PasswordGuess\10. PasswordGuess.csproj", "{4832E2D0-FA7A-4C51-9ED1-DC37FE313088}"
EndProject
Project("{FAE04EC0-301F-11D3-BF4B-00C04F79EFBC}") = "11. Number100...200", "Number100...200\11. Number100...200.csproj", "{86975EB9-D89C-4B97-B365-69B4D391602E}"
EndProject
Project("{FAE04EC0-301F-11D3-BF4B-00C04F79EFBC}") = "12. EqualWords", "EqualWords\12. EqualWords.csproj", "{6B16F977-D8D8-445F-AE9B-46FF46460B4C}"
EndProject
Project("{FAE04EC0-301F-11D3-BF4B-00C04F79EFBC}") = "13. SpeedInfo", "SpeedInfo\13. SpeedInfo.csproj", "{8042D947-57E1-4417-988B-9EA883D552F6}"
EndProject
Project("{FAE04EC0-301F-11D3-BF4B-00C04F79EFBC}") = "14. AreaOfFigures", "AreaOfFigures\14. AreaOfFigures.csproj", "{469A0E4A-8CAA-4F63-AD2A-5D636F5C3EC2}"
EndProject
Project("{FAE04EC0-301F-11D3-BF4B-00C04F79EFBC}") = "15. TimePlus15Minutes", "TimePlus15Minutes\15. TimePlus15Minutes.csproj", "{F97CCE5C-E6D9-4F4E-9494-A9D42B7A902E}"
EndProject
Project("{FAE04EC0-301F-11D3-BF4B-00C04F79EFBC}") = "16. 3EqualNumbers", "3EqualNumbers\16. 3EqualNumbers.csproj", "{1A7F8BDF-880A-4DB4-96AD-5288BFC6D480}"
EndProject
Project("{FAE04EC0-301F-11D3-BF4B-00C04F79EFBC}") = "17. Number0To100ToText", "Number0To100ToText\17. Number0To100ToText.csproj", "{A75342FA-00F0-418D-962D-80C7945B0372}"
EndProject
Project("{FAE04EC0-301F-11D3-BF4B-00C04F79EFBC}") = "18. TransportPrice", "18. TransportPrice\18. TransportPrice.csproj", "{9BC3CEE4-00C3-46A8-9DA3-C1783A55C1C5}"
EndProject
Project("{FAE04EC0-301F-11D3-BF4B-00C04F79EFBC}") = "19. TubesInPool", "TubesInPool\19. TubesInPool.csproj", "{7D486F80-9B28-4D9F-9FF6-E12AC3831B2C}"
EndProject
Global
	GlobalSection(SolutionConfigurationPlatforms) = preSolution
		Debug|Any CPU = Debug|Any CPU
		Release|Any CPU = Release|Any CPU
	EndGlobalSection
	GlobalSection(ProjectConfigurationPlatforms) = postSolution
		{042E8C90-0EFA-4B9C-B3D7-FC6103B07A71}.Debug|Any CPU.ActiveCfg = Debug|Any CPU
		{042E8C90-0EFA-4B9C-B3D7-FC6103B07A71}.Debug|Any CPU.Build.0 = Debug|Any CPU
		{042E8C90-0EFA-4B9C-B3D7-FC6103B07A71}.Release|Any CPU.ActiveCfg = Release|Any CPU
		{042E8C90-0EFA-4B9C-B3D7-FC6103B07A71}.Release|Any CPU.Build.0 = Release|Any CPU
		{1E8705E9-CEDC-4FCB-B30F-10DE51EFB19E}.Debug|Any CPU.ActiveCfg = Debug|Any CPU
		{1E8705E9-CEDC-4FCB-B30F-10DE51EFB19E}.Debug|Any CPU.Build.0 = Debug|Any CPU
		{1E8705E9-CEDC-4FCB-B30F-10DE51EFB19E}.Release|Any CPU.ActiveCfg = Release|Any CPU
		{1E8705E9-CEDC-4FCB-B30F-10DE51EFB19E}.Release|Any CPU.Build.0 = Release|Any CPU
		{BA59CEBA-26B3-493A-B5F2-E71AAF7B643F}.Debug|Any CPU.ActiveCfg = Debug|Any CPU
		{BA59CEBA-26B3-493A-B5F2-E71AAF7B643F}.Debug|Any CPU.Build.0 = Debug|Any CPU
		{BA59CEBA-26B3-493A-B5F2-E71AAF7B643F}.Release|Any CPU.ActiveCfg = Release|Any CPU
		{BA59CEBA-26B3-493A-B5F2-E71AAF7B643F}.Release|Any CPU.Build.0 = Release|Any CPU
		{EE67EAE4-0CEB-4971-962F-23B19409E373}.Debug|Any CPU.ActiveCfg = Debug|Any CPU
		{EE67EAE4-0CEB-4971-962F-23B19409E373}.Debug|Any CPU.Build.0 = Debug|Any CPU
		{EE67EAE4-0CEB-4971-962F-23B19409E373}.Release|Any CPU.ActiveCfg = Release|Any CPU
		{EE67EAE4-0CEB-4971-962F-23B19409E373}.Release|Any CPU.Build.0 = Release|Any CPU
		{FCC6AD8B-3C08-4477-AA05-C372C0CAB822}.Debug|Any CPU.ActiveCfg = Debug|Any CPU
		{FCC6AD8B-3C08-4477-AA05-C372C0CAB822}.Debug|Any CPU.Build.0 = Debug|Any CPU
		{FCC6AD8B-3C08-4477-AA05-C372C0CAB822}.Release|Any CPU.ActiveCfg = Release|Any CPU
		{FCC6AD8B-3C08-4477-AA05-C372C0CAB822}.Release|Any CPU.Build.0 = Release|Any CPU
		{1BFC4050-FF90-4FE0-918B-002CB02DA57A}.Debug|Any CPU.ActiveCfg = Debug|Any CPU
		{1BFC4050-FF90-4FE0-918B-002CB02DA57A}.Debug|Any CPU.Build.0 = Debug|Any CPU
		{1BFC4050-FF90-4FE0-918B-002CB02DA57A}.Release|Any CPU.ActiveCfg = Release|Any CPU
		{1BFC4050-FF90-4FE0-918B-002CB02DA57A}.Release|Any CPU.Build.0 = Release|Any CPU
		{D01BB26A-DD26-4E6B-AE6C-4373834D9C4B}.Debug|Any CPU.ActiveCfg = Debug|Any CPU
		{D01BB26A-DD26-4E6B-AE6C-4373834D9C4B}.Debug|Any CPU.Build.0 = Debug|Any CPU
		{D01BB26A-DD26-4E6B-AE6C-4373834D9C4B}.Release|Any CPU.ActiveCfg = Release|Any CPU
		{D01BB26A-DD26-4E6B-AE6C-4373834D9C4B}.Release|Any CPU.Build.0 = Release|Any CPU
		{7D1E2B95-EBCC-40E5-B4FF-74912E4C6220}.Debug|Any CPU.ActiveCfg = Debug|Any CPU
		{7D1E2B95-EBCC-40E5-B4FF-74912E4C6220}.Debug|Any CPU.Build.0 = Debug|Any CPU
		{7D1E2B95-EBCC-40E5-B4FF-74912E4C6220}.Release|Any CPU.ActiveCfg = Release|Any CPU
		{7D1E2B95-EBCC-40E5-B4FF-74912E4C6220}.Release|Any CPU.Build.0 = Release|Any CPU
		{B892DBE1-C03D-40FC-8AE5-F5F6BFA5001B}.Debug|Any CPU.ActiveCfg = Debug|Any CPU
		{B892DBE1-C03D-40FC-8AE5-F5F6BFA5001B}.Debug|Any CPU.Build.0 = Debug|Any CPU
		{B892DBE1-C03D-40FC-8AE5-F5F6BFA5001B}.Release|Any CPU.ActiveCfg = Release|Any CPU
		{B892DBE1-C03D-40FC-8AE5-F5F6BFA5001B}.Release|Any CPU.Build.0 = Release|Any CPU
		{4832E2D0-FA7A-4C51-9ED1-DC37FE313088}.Debug|Any CPU.ActiveCfg = Debug|Any CPU
		{4832E2D0-FA7A-4C51-9ED1-DC37FE313088}.Debug|Any CPU.Build.0 = Debug|Any CPU
		{4832E2D0-FA7A-4C51-9ED1-DC37FE313088}.Release|Any CPU.ActiveCfg = Release|Any CPU
		{4832E2D0-FA7A-4C51-9ED1-DC37FE313088}.Release|Any CPU.Build.0 = Release|Any CPU
		{86975EB9-D89C-4B97-B365-69B4D391602E}.Debug|Any CPU.ActiveCfg = Debug|Any CPU
		{86975EB9-D89C-4B97-B365-69B4D391602E}.Debug|Any CPU.Build.0 = Debug|Any CPU
		{86975EB9-D89C-4B97-B365-69B4D391602E}.Release|Any CPU.ActiveCfg = Release|Any CPU
		{86975EB9-D89C-4B97-B365-69B4D391602E}.Release|Any CPU.Build.0 = Release|Any CPU
		{6B16F977-D8D8-445F-AE9B-46FF46460B4C}.Debug|Any CPU.ActiveCfg = Debug|Any CPU
		{6B16F977-D8D8-445F-AE9B-46FF46460B4C}.Debug|Any CPU.Build.0 = Debug|Any CPU
		{6B16F977-D8D8-445F-AE9B-46FF46460B4C}.Release|Any CPU.ActiveCfg = Release|Any CPU
		{6B16F977-D8D8-445F-AE9B-46FF46460B4C}.Release|Any CPU.Build.0 = Release|Any CPU
		{8042D947-57E1-4417-988B-9EA883D552F6}.Debug|Any CPU.ActiveCfg = Debug|Any CPU
		{8042D947-57E1-4417-988B-9EA883D552F6}.Debug|Any CPU.Build.0 = Debug|Any CPU
		{8042D947-57E1-4417-988B-9EA883D552F6}.Release|Any CPU.ActiveCfg = Release|Any CPU
		{8042D947-57E1-4417-988B-9EA883D552F6}.Release|Any CPU.Build.0 = Release|Any CPU
		{469A0E4A-8CAA-4F63-AD2A-5D636F5C3EC2}.Debug|Any CPU.ActiveCfg = Debug|Any CPU
		{469A0E4A-8CAA-4F63-AD2A-5D636F5C3EC2}.Debug|Any CPU.Build.0 = Debug|Any CPU
		{469A0E4A-8CAA-4F63-AD2A-5D636F5C3EC2}.Release|Any CPU.ActiveCfg = Release|Any CPU
		{469A0E4A-8CAA-4F63-AD2A-5D636F5C3EC2}.Release|Any CPU.Build.0 = Release|Any CPU
		{F97CCE5C-E6D9-4F4E-9494-A9D42B7A902E}.Debug|Any CPU.ActiveCfg = Debug|Any CPU
		{F97CCE5C-E6D9-4F4E-9494-A9D42B7A902E}.Debug|Any CPU.Build.0 = Debug|Any CPU
		{F97CCE5C-E6D9-4F4E-9494-A9D42B7A902E}.Release|Any CPU.ActiveCfg = Release|Any CPU
		{F97CCE5C-E6D9-4F4E-9494-A9D42B7A902E}.Release|Any CPU.Build.0 = Release|Any CPU
		{1A7F8BDF-880A-4DB4-96AD-5288BFC6D480}.Debug|Any CPU.ActiveCfg = Debug|Any CPU
		{1A7F8BDF-880A-4DB4-96AD-5288BFC6D480}.Debug|Any CPU.Build.0 = Debug|Any CPU
		{1A7F8BDF-880A-4DB4-96AD-5288BFC6D480}.Release|Any CPU.ActiveCfg = Release|Any CPU
		{1A7F8BDF-880A-4DB4-96AD-5288BFC6D480}.Release|Any CPU.Build.0 = Release|Any CPU
		{A75342FA-00F0-418D-962D-80C7945B0372}.Debug|Any CPU.ActiveCfg = Debug|Any CPU
		{A75342FA-00F0-418D-962D-80C7945B0372}.Debug|Any CPU.Build.0 = Debug|Any CPU
		{A75342FA-00F0-418D-962D-80C7945B0372}.Release|Any CPU.ActiveCfg = Release|Any CPU
		{A75342FA-00F0-418D-962D-80C7945B0372}.Release|Any CPU.Build.0 = Release|Any CPU
		{9BC3CEE4-00C3-46A8-9DA3-C1783A55C1C5}.Debug|Any CPU.ActiveCfg = Debug|Any CPU
		{9BC3CEE4-00C3-46A8-9DA3-C1783A55C1C5}.Debug|Any CPU.Build.0 = Debug|Any CPU
		{9BC3CEE4-00C3-46A8-9DA3-C1783A55C1C5}.Release|Any CPU.ActiveCfg = Release|Any CPU
		{9BC3CEE4-00C3-46A8-9DA3-C1783A55C1C5}.Release|Any CPU.Build.0 = Release|Any CPU
		{7D486F80-9B28-4D9F-9FF6-E12AC3831B2C}.Debug|Any CPU.ActiveCfg = Debug|Any CPU
		{7D486F80-9B28-4D9F-9FF6-E12AC3831B2C}.Debug|Any CPU.Build.0 = Debug|Any CPU
		{7D486F80-9B28-4D9F-9FF6-E12AC3831B2C}.Release|Any CPU.ActiveCfg = Release|Any CPU
		{7D486F80-9B28-4D9F-9FF6-E12AC3831B2C}.Release|Any CPU.Build.0 = Release|Any CPU
	EndGlobalSection
	GlobalSection(SolutionProperties) = preSolution
		HideSolutionNode = FALSE
	EndGlobalSection
EndGlobal
