
Microsoft Visual Studio Solution File, Format Version 12.00
# Visual Studio 14
VisualStudioVersion = 14.0.24720.0
MinimumVisualStudioVersion = 10.0.40219.1
Project("{FAE04EC0-301F-11D3-BF4B-00C04F79EFBC}") = "01. FruitMarket", "FruitMarket\01. FruitMarket.csproj", "{B39D833D-3B72-4515-BDB5-93977053F6C7}"
EndProject
Project("{FAE04EC0-301F-11D3-BF4B-00C04F79EFBC}") = "02. PoolPipes", "PoolPipes\02. PoolPipes.csproj", "{00B1F965-A17F-4978-AAA2-CFA8F25F7244}"
EndProject
Project("{FAE04EC0-301F-11D3-BF4B-00C04F79EFBC}") = "03. Journey", "Journey\03. Journey.csproj", "{09DA65E2-D221-4C0E-85F8-4047F9CD290B}"
EndProject
Project("{FAE04EC0-301F-11D3-BF4B-00C04F79EFBC}") = "04. DividingWithoutReminder", "DividingWithoutReminder\04. DividingWithoutReminder.csproj", "{AA17A74D-71A0-41BD-9EA2-090CFEB847B1}"
EndProject
Project("{FAE04EC0-301F-11D3-BF4B-00C04F79EFBC}") = "05. Butterfly", "Butterfly\05. Butterfly.csproj", "{F9E09EA5-0A1C-40C4-85E0-21D7C8EE288B}"
EndProject
Project("{FAE04EC0-301F-11D3-BF4B-00C04F79EFBC}") = "06. MagicNumbers", "MagicNumbers\06. MagicNumbers.csproj", "{B33E6BAE-14BF-484A-8128-3058EFB39FA7}"
EndProject
Global
	GlobalSection(SolutionConfigurationPlatforms) = preSolution
		Debug|Any CPU = Debug|Any CPU
		Release|Any CPU = Release|Any CPU
	EndGlobalSection
	GlobalSection(ProjectConfigurationPlatforms) = postSolution
		{B39D833D-3B72-4515-BDB5-93977053F6C7}.Debug|Any CPU.ActiveCfg = Debug|Any CPU
		{B39D833D-3B72-4515-BDB5-93977053F6C7}.Debug|Any CPU.Build.0 = Debug|Any CPU
		{B39D833D-3B72-4515-BDB5-93977053F6C7}.Release|Any CPU.ActiveCfg = Release|Any CPU
		{B39D833D-3B72-4515-BDB5-93977053F6C7}.Release|Any CPU.Build.0 = Release|Any CPU
		{00B1F965-A17F-4978-AAA2-CFA8F25F7244}.Debug|Any CPU.ActiveCfg = Debug|Any CPU
		{00B1F965-A17F-4978-AAA2-CFA8F25F7244}.Debug|Any CPU.Build.0 = Debug|Any CPU
		{00B1F965-A17F-4978-AAA2-CFA8F25F7244}.Release|Any CPU.ActiveCfg = Release|Any CPU
		{00B1F965-A17F-4978-AAA2-CFA8F25F7244}.Release|Any CPU.Build.0 = Release|Any CPU
		{09DA65E2-D221-4C0E-85F8-4047F9CD290B}.Debug|Any CPU.ActiveCfg = Debug|Any CPU
		{09DA65E2-D221-4C0E-85F8-4047F9CD290B}.Debug|Any CPU.Build.0 = Debug|Any CPU
		{09DA65E2-D221-4C0E-85F8-4047F9CD290B}.Release|Any CPU.ActiveCfg = Release|Any CPU
		{09DA65E2-D221-4C0E-85F8-4047F9CD290B}.Release|Any CPU.Build.0 = Release|Any CPU
		{AA17A74D-71A0-41BD-9EA2-090CFEB847B1}.Debug|Any CPU.ActiveCfg = Debug|Any CPU
		{AA17A74D-71A0-41BD-9EA2-090CFEB847B1}.Debug|Any CPU.Build.0 = Debug|Any CPU
		{AA17A74D-71A0-41BD-9EA2-090CFEB847B1}.Release|Any CPU.ActiveCfg = Release|Any CPU
		{AA17A74D-71A0-41BD-9EA2-090CFEB847B1}.Release|Any CPU.Build.0 = Release|Any CPU
		{F9E09EA5-0A1C-40C4-85E0-21D7C8EE288B}.Debug|Any CPU.ActiveCfg = Debug|Any CPU
		{F9E09EA5-0A1C-40C4-85E0-21D7C8EE288B}.Debug|Any CPU.Build.0 = Debug|Any CPU
		{F9E09EA5-0A1C-40C4-85E0-21D7C8EE288B}.Release|Any CPU.ActiveCfg = Release|Any CPU
		{F9E09EA5-0A1C-40C4-85E0-21D7C8EE288B}.Release|Any CPU.Build.0 = Release|Any CPU
		{B33E6BAE-14BF-484A-8128-3058EFB39FA7}.Debug|Any CPU.ActiveCfg = Debug|Any CPU
		{B33E6BAE-14BF-484A-8128-3058EFB39FA7}.Debug|Any CPU.Build.0 = Debug|Any CPU
		{B33E6BAE-14BF-484A-8128-3058EFB39FA7}.Release|Any CPU.ActiveCfg = Release|Any CPU
		{B33E6BAE-14BF-484A-8128-3058EFB39FA7}.Release|Any CPU.Build.0 = Release|Any CPU
	EndGlobalSection
	GlobalSection(SolutionProperties) = preSolution
		HideSolutionNode = FALSE
	EndGlobalSection
EndGlobal
